<?xml version="1.0" encoding="utf-8"?>
<Project ToolsVersion="4.0" xmlns="http://schemas.microsoft.com/developer/msbuild/2003">
  <ItemGroup>
    <Filter Include="Quelldateien">
      <UniqueIdentifier>{4FC737F1-C7A5-4376-A066-2A32D752A2FF}</UniqueIdentifier>
      <Extensions>cpp;c;cc;cxx;def;odl;idl;hpj;bat;asm;asmx</Extensions>
    </Filter>
    <Filter Include="Headerdateien">
      <UniqueIdentifier>{93995380-89BD-4b04-88EB-625FBE52EBFB}</UniqueIdentifier>
      <Extensions>h;hh;hpp;hxx;hm;inl;inc;xsd</Extensions>
    </Filter>
    <Filter Include="Ressourcendateien">
      <UniqueIdentifier>{67DA6AB6-F800-4c08-8B7A-83BB121AAD01}</UniqueIdentifier>
      <Extensions>rc;ico;cur;bmp;dlg;rc2;rct;bin;rgs;gif;jpg;jpeg;jpe;resx;tiff;tif;png;wav;mfcribbon-ms</Extensions>
    </Filter>
    <Filter Include="Ressourcendateien\shader">
      <UniqueIdentifier>{9f95c1f7-6eaa-4ad6-8bfc-de7f51029d76}</UniqueIdentifier>
    </Filter>
  </ItemGroup>
  <ItemGroup>
    <ClCompile Include="src\Camera.cpp">
      <Filter>Quelldateien</Filter>
    </ClCompile>
    <ClCompile Include="src\Collision.cpp">
      <Filter>Quelldateien</Filter>
    </ClCompile>
    <ClCompile Include="src\Display.cpp">
      <Filter>Quelldateien</Filter>
    </ClCompile>
    <ClCompile Include="src\File.cpp">
      <Filter>Quelldateien</Filter>
    </ClCompile>
    <ClCompile Include="src\GLProgram.cpp">
      <Filter>Quelldateien</Filter>
    </ClCompile>
    <ClCompile Include="src\GLShader.cpp">
      <Filter>Quelldateien</Filter>
    </ClCompile>
    <ClCompile Include="src\GLTexture.cpp">
      <Filter>Quelldateien</Filter>
    </ClCompile>
    <ClCompile Include="src\Level.cpp">
      <Filter>Quelldateien</Filter>
    </ClCompile>
    <ClCompile Include="src\main.cpp">
      <Filter>Quelldateien</Filter>
    </ClCompile>
    <ClCompile Include="src\Renderer.cpp">
      <Filter>Quelldateien</Filter>
    </ClCompile>
    <ClCompile Include="src\RenderGame.cpp">
      <Filter>Quelldateien</Filter>
    </ClCompile>
    <ClCompile Include="src\SFEvent.cpp">
      <Filter>Quelldateien</Filter>
    </ClCompile>
    <ClCompile Include="src\BasicLight.cpp">
      <Filter>Quelldateien</Filter>
    </ClCompile>
    <ClCompile Include="src\Logging.cpp">
      <Filter>Quelldateien</Filter>
    </ClCompile>
    <ClCompile Include="src\LevelDrawer.cpp">
      <Filter>Quelldateien</Filter>
    </ClCompile>
    <ClCompile Include="src\Settings.cpp">
      <Filter>Quelldateien</Filter>
    </ClCompile>
    <ClCompile Include="src\Maths.cpp">
      <Filter>Quelldateien</Filter>
    </ClCompile>
  </ItemGroup>
  <ItemGroup>
    <ClInclude Include="include\Camera.h">
      <Filter>Headerdateien</Filter>
    </ClInclude>
    <ClInclude Include="include\Collision.h">
      <Filter>Headerdateien</Filter>
    </ClInclude>
    <ClInclude Include="include\Coordinate_Definitions.h">
      <Filter>Headerdateien</Filter>
    </ClInclude>
    <ClInclude Include="include\Display.h">
      <Filter>Headerdateien</Filter>
    </ClInclude>
    <ClInclude Include="include\File.h">
      <Filter>Headerdateien</Filter>
    </ClInclude>
    <ClInclude Include="include\GLProgram.h">
      <Filter>Headerdateien</Filter>
    </ClInclude>
    <ClInclude Include="include\GLShader.h">
      <Filter>Headerdateien</Filter>
    </ClInclude>
    <ClInclude Include="include\GLTexture.h">
      <Filter>Headerdateien</Filter>
    </ClInclude>
    <ClInclude Include="include\Level.h">
      <Filter>Headerdateien</Filter>
    </ClInclude>
    <ClInclude Include="include\Renderer.h">
      <Filter>Headerdateien</Filter>
    </ClInclude>
    <ClInclude Include="include\RenderGame.h">
      <Filter>Headerdateien</Filter>
    </ClInclude>
    <ClInclude Include="include\SFEvent.h">
      <Filter>Headerdateien</Filter>
    </ClInclude>
    <ClInclude Include="include\LevelDrawer.h">
      <Filter>Headerdateien</Filter>
    </ClInclude>
    <ClInclude Include="include\Settings.h">
      <Filter>Headerdateien</Filter>
    </ClInclude>
    <ClInclude Include="include\Logging.h">
      <Filter>Headerdateien</Filter>
    </ClInclude>
    <ClInclude Include="include\Vec2.h">
      <Filter>Headerdateien</Filter>
    </ClInclude>
    <ClInclude Include="include\BasicLight.h">
      <Filter>Headerdateien</Filter>
    </ClInclude>
    <ClInclude Include="include\Maths.h">
      <Filter>Headerdateien</Filter>
    </ClInclude>
  </ItemGroup>
  <ItemGroup>
    <None Include="Data\Shaders\BasicFragmentShader.glsl">
      <Filter>Ressourcendateien\shader</Filter>
    </None>
    <None Include="Data\Shaders\BasicLightFS.glsl">
      <Filter>Ressourcendateien\shader</Filter>
    </None>
    <None Include="Data\Shaders\BasicLightVS.glsl">
      <Filter>Ressourcendateien\shader</Filter>
    </None>
    <None Include="Data\Shaders\BasicVertexShader.glsl">
      <Filter>Ressourcendateien\shader</Filter>
    </None>
  </ItemGroup>
</Project>